<?xml version="1.0" encoding="utf-8"?>
<Project ToolsVersion="4.0" xmlns="http://schemas.microsoft.com/developer/msbuild/2003">
  <ItemGroup>
    <Filter Include="headers">
      <UniqueIdentifier>{66ae9ec8-c911-480d-a616-247a9ab03cc8}</UniqueIdentifier>
    </Filter>
    <Filter Include="source">
      <UniqueIdentifier>{79da13a9-4531-4481-baa2-fd5be45dd52c}</UniqueIdentifier>
    </Filter>
  </ItemGroup>
  <ItemGroup>
    <ClInclude Include="pwdCheck.h">
      <Filter>headers</Filter>
    </ClInclude>
    <ClInclude Include="flip.h">
      <Filter>headers</Filter>
    </ClInclude>
    <ClInclude Include="flipPwdCheck.h">
      <Filter>headers</Filter>
    </ClInclude>
  </ItemGroup>
  <ItemGroup>
    <ClCompile Include="pwdCheck.cpp">
      <Filter>source</Filter>
    </ClCompile>
    <ClCompile Include="p4.cpp">
      <Filter>source</Filter>
    </ClCompile>
    <ClCompile Include="flip.cpp">
      <Filter>source</Filter>
    </ClCompile>
    <ClCompile Include="flipPwdCheck.cpp" />
  </ItemGroup>
</Project>